// !$*UTF8*$!
{
	archiveVersion = 1;
	classes = {
	};
	objectVersion = 46;
	objects = {

/* Begin PBXBuildFile section */
		942764301A3F6728007AF15C /* main.m in Sources */ = {isa = PBXBuildFile; fileRef = 9427642F1A3F6728007AF15C /* main.m */; };
		942764331A3F6728007AF15C /* AppDelegate.m in Sources */ = {isa = PBXBuildFile; fileRef = 942764321A3F6728007AF15C /* AppDelegate.m */; };
		942764391A3F6728007AF15C /* Main.storyboard in Resources */ = {isa = PBXBuildFile; fileRef = 942764371A3F6728007AF15C /* Main.storyboard */; };
		9427643B1A3F6728007AF15C /* Images.xcassets in Resources */ = {isa = PBXBuildFile; fileRef = 9427643A1A3F6728007AF15C /* Images.xcassets */; };
		9427643E1A3F6728007AF15C /* LaunchScreen.xib in Resources */ = {isa = PBXBuildFile; fileRef = 9427643C1A3F6728007AF15C /* LaunchScreen.xib */; };
		9427644A1A3F6728007AF15C /* DelibertyTests.m in Sources */ = {isa = PBXBuildFile; fileRef = 942764491A3F6728007AF15C /* DelibertyTests.m */; };
		9427645A1A3F6828007AF15C /* Bolts.framework in Frameworks */ = {isa = PBXBuildFile; fileRef = 942764551A3F6828007AF15C /* Bolts.framework */; };
		9427645B1A3F6828007AF15C /* Parse.framework in Frameworks */ = {isa = PBXBuildFile; fileRef = 942764561A3F6828007AF15C /* Parse.framework */; };
		9427645C1A3F6828007AF15C /* ParseCrashReporting.framework in Frameworks */ = {isa = PBXBuildFile; fileRef = 942764571A3F6828007AF15C /* ParseCrashReporting.framework */; };
		9427645D1A3F6828007AF15C /* ParseFacebookUtils.framework in Frameworks */ = {isa = PBXBuildFile; fileRef = 942764581A3F6828007AF15C /* ParseFacebookUtils.framework */; };
		9427645E1A3F6828007AF15C /* ParseUI.framework in Frameworks */ = {isa = PBXBuildFile; fileRef = 942764591A3F6828007AF15C /* ParseUI.framework */; };
		942764611A3F6847007AF15C /* AudioToolbox.framework in Frameworks */ = {isa = PBXBuildFile; fileRef = 942764601A3F6847007AF15C /* AudioToolbox.framework */; };
		942764631A3F684B007AF15C /* CFNetwork.framework in Frameworks */ = {isa = PBXBuildFile; fileRef = 942764621A3F684B007AF15C /* CFNetwork.framework */; };
		942764651A3F6850007AF15C /* CoreGraphics.framework in Frameworks */ = {isa = PBXBuildFile; fileRef = 942764641A3F6850007AF15C /* CoreGraphics.framework */; };
		942764671A3F6857007AF15C /* CoreLocation.framework in Frameworks */ = {isa = PBXBuildFile; fileRef = 942764661A3F6857007AF15C /* CoreLocation.framework */; };
		942764691A3F685C007AF15C /* MobileCoreServices.framework in Frameworks */ = {isa = PBXBuildFile; fileRef = 942764681A3F685C007AF15C /* MobileCoreServices.framework */; };
		9427646B1A3F686C007AF15C /* QuartzCore.framework in Frameworks */ = {isa = PBXBuildFile; fileRef = 9427646A1A3F686C007AF15C /* QuartzCore.framework */; };
		9427646D1A3F6873007AF15C /* Security.framework in Frameworks */ = {isa = PBXBuildFile; fileRef = 9427646C1A3F6873007AF15C /* Security.framework */; };
		9427646F1A3F6879007AF15C /* StoreKit.framework in Frameworks */ = {isa = PBXBuildFile; fileRef = 9427646E1A3F6879007AF15C /* StoreKit.framework */; };
		942764711A3F687F007AF15C /* libz.dylib in Frameworks */ = {isa = PBXBuildFile; fileRef = 942764701A3F687F007AF15C /* libz.dylib */; };
		942764731A3F6885007AF15C /* libsqlite3.dylib in Frameworks */ = {isa = PBXBuildFile; fileRef = 942764721A3F6885007AF15C /* libsqlite3.dylib */; };
		942764751A3F688F007AF15C /* SystemConfiguration.framework in Frameworks */ = {isa = PBXBuildFile; fileRef = 942764741A3F688F007AF15C /* SystemConfiguration.framework */; };
		9427647A1A3F6C12007AF15C /* LaunchController.m in Sources */ = {isa = PBXBuildFile; fileRef = 942764791A3F6C12007AF15C /* LaunchController.m */; };
		9427647D1A3F6C28007AF15C /* QueueController.m in Sources */ = {isa = PBXBuildFile; fileRef = 9427647C1A3F6C28007AF15C /* QueueController.m */; };
		942764811A3F723A007AF15C /* SignUpController.m in Sources */ = {isa = PBXBuildFile; fileRef = 942764801A3F723A007AF15C /* SignUpController.m */; };
		942764851A3F7248007AF15C /* LoginController.m in Sources */ = {isa = PBXBuildFile; fileRef = 942764841A3F7248007AF15C /* LoginController.m */; };
		942764891A3F8FE3007AF15C /* AddController.m in Sources */ = {isa = PBXBuildFile; fileRef = 942764881A3F8FE3007AF15C /* AddController.m */; };
		9427648D1A40BD6F007AF15C /* ItemsController.m in Sources */ = {isa = PBXBuildFile; fileRef = 9427648C1A40BD6F007AF15C /* ItemsController.m */; };
/* End PBXBuildFile section */

/* Begin PBXContainerItemProxy section */
		942764441A3F6728007AF15C /* PBXContainerItemProxy */ = {
			isa = PBXContainerItemProxy;
			containerPortal = 942764221A3F6728007AF15C /* Project object */;
			proxyType = 1;
			remoteGlobalIDString = 942764291A3F6728007AF15C;
			remoteInfo = Deliberty;
		};
/* End PBXContainerItemProxy section */

/* Begin PBXFileReference section */
		9427642A1A3F6728007AF15C /* Deliberty.app */ = {isa = PBXFileReference; explicitFileType = wrapper.application; includeInIndex = 0; path = Deliberty.app; sourceTree = BUILT_PRODUCTS_DIR; };
		9427642E1A3F6728007AF15C /* Info.plist */ = {isa = PBXFileReference; lastKnownFileType = text.plist.xml; path = Info.plist; sourceTree = "<group>"; };
		9427642F1A3F6728007AF15C /* main.m */ = {isa = PBXFileReference; lastKnownFileType = sourcecode.c.objc; path = main.m; sourceTree = "<group>"; };
		942764311A3F6728007AF15C /* AppDelegate.h */ = {isa = PBXFileReference; lastKnownFileType = sourcecode.c.h; path = AppDelegate.h; sourceTree = "<group>"; };
		942764321A3F6728007AF15C /* AppDelegate.m */ = {isa = PBXFileReference; lastKnownFileType = sourcecode.c.objc; path = AppDelegate.m; sourceTree = "<group>"; };
		942764381A3F6728007AF15C /* Base */ = {isa = PBXFileReference; lastKnownFileType = file.storyboard; name = Base; path = Base.lproj/Main.storyboard; sourceTree = "<group>"; };
		9427643A1A3F6728007AF15C /* Images.xcassets */ = {isa = PBXFileReference; lastKnownFileType = folder.assetcatalog; path = Images.xcassets; sourceTree = "<group>"; };
		9427643D1A3F6728007AF15C /* Base */ = {isa = PBXFileReference; lastKnownFileType = file.xib; name = Base; path = Base.lproj/LaunchScreen.xib; sourceTree = "<group>"; };
		942764431A3F6728007AF15C /* DelibertyTests.xctest */ = {isa = PBXFileReference; explicitFileType = wrapper.cfbundle; includeInIndex = 0; path = DelibertyTests.xctest; sourceTree = BUILT_PRODUCTS_DIR; };
		942764481A3F6728007AF15C /* Info.plist */ = {isa = PBXFileReference; lastKnownFileType = text.plist.xml; path = Info.plist; sourceTree = "<group>"; };
		942764491A3F6728007AF15C /* DelibertyTests.m */ = {isa = PBXFileReference; lastKnownFileType = sourcecode.c.objc; path = DelibertyTests.m; sourceTree = "<group>"; };
		942764551A3F6828007AF15C /* Bolts.framework */ = {isa = PBXFileReference; lastKnownFileType = wrapper.framework; name = Bolts.framework; path = "../../../../Downloads/parse-library-1.6.0/Bolts.framework"; sourceTree = "<group>"; };
		942764561A3F6828007AF15C /* Parse.framework */ = {isa = PBXFileReference; lastKnownFileType = wrapper.framework; name = Parse.framework; path = "../../../../Downloads/parse-library-1.6.0/Parse.framework"; sourceTree = "<group>"; };
		942764571A3F6828007AF15C /* ParseCrashReporting.framework */ = {isa = PBXFileReference; lastKnownFileType = wrapper.framework; name = ParseCrashReporting.framework; path = "../../../../Downloads/parse-library-1.6.0/ParseCrashReporting.framework"; sourceTree = "<group>"; };
		942764581A3F6828007AF15C /* ParseFacebookUtils.framework */ = {isa = PBXFileReference; lastKnownFileType = wrapper.framework; name = ParseFacebookUtils.framework; path = "../../../../Downloads/parse-library-1.6.0/ParseFacebookUtils.framework"; sourceTree = "<group>"; };
		942764591A3F6828007AF15C /* ParseUI.framework */ = {isa = PBXFileReference; lastKnownFileType = wrapper.framework; name = ParseUI.framework; path = "../../../../Downloads/parse-library-1.6.0/ParseUI.framework"; sourceTree = "<group>"; };
		942764601A3F6847007AF15C /* AudioToolbox.framework */ = {isa = PBXFileReference; lastKnownFileType = wrapper.framework; name = AudioToolbox.framework; path = System/Library/Frameworks/AudioToolbox.framework; sourceTree = SDKROOT; };
		942764621A3F684B007AF15C /* CFNetwork.framework */ = {isa = PBXFileReference; lastKnownFileType = wrapper.framework; name = CFNetwork.framework; path = System/Library/Frameworks/CFNetwork.framework; sourceTree = SDKROOT; };
		942764641A3F6850007AF15C /* CoreGraphics.framework */ = {isa = PBXFileReference; lastKnownFileType = wrapper.framework; name = CoreGraphics.framework; path = System/Library/Frameworks/CoreGraphics.framework; sourceTree = SDKROOT; };
		942764661A3F6857007AF15C /* CoreLocation.framework */ = {isa = PBXFileReference; lastKnownFileType = wrapper.framework; name = CoreLocation.framework; path = System/Library/Frameworks/CoreLocation.framework; sourceTree = SDKROOT; };
		942764681A3F685C007AF15C /* MobileCoreServices.framework */ = {isa = PBXFileReference; lastKnownFileType = wrapper.framework; name = MobileCoreServices.framework; path = System/Library/Frameworks/MobileCoreServices.framework; sourceTree = SDKROOT; };
		9427646A1A3F686C007AF15C /* QuartzCore.framework */ = {isa = PBXFileReference; lastKnownFileType = wrapper.framework; name = QuartzCore.framework; path = System/Library/Frameworks/QuartzCore.framework; sourceTree = SDKROOT; };
		9427646C1A3F6873007AF15C /* Security.framework */ = {isa = PBXFileReference; lastKnownFileType = wrapper.framework; name = Security.framework; path = System/Library/Frameworks/Security.framework; sourceTree = SDKROOT; };
		9427646E1A3F6879007AF15C /* StoreKit.framework */ = {isa = PBXFileReference; lastKnownFileType = wrapper.framework; name = StoreKit.framework; path = System/Library/Frameworks/StoreKit.framework; sourceTree = SDKROOT; };
		942764701A3F687F007AF15C /* libz.dylib */ = {isa = PBXFileReference; lastKnownFileType = "compiled.mach-o.dylib"; name = libz.dylib; path = usr/lib/libz.dylib; sourceTree = SDKROOT; };
		942764721A3F6885007AF15C /* libsqlite3.dylib */ = {isa = PBXFileReference; lastKnownFileType = "compiled.mach-o.dylib"; name = libsqlite3.dylib; path = usr/lib/libsqlite3.dylib; sourceTree = SDKROOT; };
		942764741A3F688F007AF15C /* SystemConfiguration.framework */ = {isa = PBXFileReference; lastKnownFileType = wrapper.framework; name = SystemConfiguration.framework; path = System/Library/Frameworks/SystemConfiguration.framework; sourceTree = SDKROOT; };
		942764781A3F6C12007AF15C /* LaunchController.h */ = {isa = PBXFileReference; fileEncoding = 4; lastKnownFileType = sourcecode.c.h; name = LaunchController.h; path = Controllers/LaunchController.h; sourceTree = "<group>"; };
		942764791A3F6C12007AF15C /* LaunchController.m */ = {isa = PBXFileReference; fileEncoding = 4; lastKnownFileType = sourcecode.c.objc; name = LaunchController.m; path = Controllers/LaunchController.m; sourceTree = "<group>"; };
		9427647B1A3F6C28007AF15C /* QueueController.h */ = {isa = PBXFileReference; fileEncoding = 4; lastKnownFileType = sourcecode.c.h; name = QueueController.h; path = Controllers/Queue/QueueController.h; sourceTree = "<group>"; };
		9427647C1A3F6C28007AF15C /* QueueController.m */ = {isa = PBXFileReference; fileEncoding = 4; lastKnownFileType = sourcecode.c.objc; name = QueueController.m; path = Controllers/Queue/QueueController.m; sourceTree = "<group>"; };
		9427647F1A3F723A007AF15C /* SignUpController.h */ = {isa = PBXFileReference; fileEncoding = 4; lastKnownFileType = sourcecode.c.h; name = SignUpController.h; path = "Controllers/Sign up/SignUpController.h"; sourceTree = "<group>"; };
		942764801A3F723A007AF15C /* SignUpController.m */ = {isa = PBXFileReference; fileEncoding = 4; lastKnownFileType = sourcecode.c.objc; name = SignUpController.m; path = "Controllers/Sign up/SignUpController.m"; sourceTree = "<group>"; };
		942764831A3F7248007AF15C /* LoginController.h */ = {isa = PBXFileReference; fileEncoding = 4; lastKnownFileType = sourcecode.c.h; name = LoginController.h; path = Controllers/Login/LoginController.h; sourceTree = "<group>"; };
		942764841A3F7248007AF15C /* LoginController.m */ = {isa = PBXFileReference; fileEncoding = 4; lastKnownFileType = sourcecode.c.objc; name = LoginController.m; path = Controllers/Login/LoginController.m; sourceTree = "<group>"; };
		942764871A3F8FE3007AF15C /* AddController.h */ = {isa = PBXFileReference; fileEncoding = 4; lastKnownFileType = sourcecode.c.h; name = AddController.h; path = Controllers/Add/AddController.h; sourceTree = "<group>"; };
		942764881A3F8FE3007AF15C /* AddController.m */ = {isa = PBXFileReference; fileEncoding = 4; lastKnownFileType = sourcecode.c.objc; name = AddController.m; path = Controllers/Add/AddController.m; sourceTree = "<group>"; };
		9427648B1A40BD6F007AF15C /* ItemsController.h */ = {isa = PBXFileReference; fileEncoding = 4; lastKnownFileType = sourcecode.c.h; name = ItemsController.h; path = Controllers/Items/ItemsController.h; sourceTree = "<group>"; };
		9427648C1A40BD6F007AF15C /* ItemsController.m */ = {isa = PBXFileReference; fileEncoding = 4; lastKnownFileType = sourcecode.c.objc; name = ItemsController.m; path = Controllers/Items/ItemsController.m; sourceTree = "<group>"; };
/* End PBXFileReference section */

/* Begin PBXFrameworksBuildPhase section */
		942764271A3F6728007AF15C /* Frameworks */ = {
			isa = PBXFrameworksBuildPhase;
			buildActionMask = 2147483647;
			files = (
				942764731A3F6885007AF15C /* libsqlite3.dylib in Frameworks */,
				942764711A3F687F007AF15C /* libz.dylib in Frameworks */,
				942764751A3F688F007AF15C /* SystemConfiguration.framework in Frameworks */,
				9427646F1A3F6879007AF15C /* StoreKit.framework in Frameworks */,
				9427646D1A3F6873007AF15C /* Security.framework in Frameworks */,
				9427646B1A3F686C007AF15C /* QuartzCore.framework in Frameworks */,
				942764691A3F685C007AF15C /* MobileCoreServices.framework in Frameworks */,
				942764671A3F6857007AF15C /* CoreLocation.framework in Frameworks */,
				942764651A3F6850007AF15C /* CoreGraphics.framework in Frameworks */,
				942764631A3F684B007AF15C /* CFNetwork.framework in Frameworks */,
				942764611A3F6847007AF15C /* AudioToolbox.framework in Frameworks */,
				9427645A1A3F6828007AF15C /* Bolts.framework in Frameworks */,
				9427645B1A3F6828007AF15C /* Parse.framework in Frameworks */,
				9427645C1A3F6828007AF15C /* ParseCrashReporting.framework in Frameworks */,
				9427645D1A3F6828007AF15C /* ParseFacebookUtils.framework in Frameworks */,
				9427645E1A3F6828007AF15C /* ParseUI.framework in Frameworks */,
			);
			runOnlyForDeploymentPostprocessing = 0;
		};
		942764401A3F6728007AF15C /* Frameworks */ = {
			isa = PBXFrameworksBuildPhase;
			buildActionMask = 2147483647;
			files = (
			);
			runOnlyForDeploymentPostprocessing = 0;
		};
/* End PBXFrameworksBuildPhase section */

/* Begin PBXGroup section */
		942764211A3F6728007AF15C = {
			isa = PBXGroup;
			children = (
				9427642C1A3F6728007AF15C /* Deliberty */,
				942764461A3F6728007AF15C /* DelibertyTests */,
				9427642B1A3F6728007AF15C /* Products */,
				9427645F1A3F6830007AF15C /* Frameworks */,
			);
			sourceTree = "<group>";
		};
		9427642B1A3F6728007AF15C /* Products */ = {
			isa = PBXGroup;
			children = (
				9427642A1A3F6728007AF15C /* Deliberty.app */,
				942764431A3F6728007AF15C /* DelibertyTests.xctest */,
			);
			name = Products;
			sourceTree = "<group>";
		};
		9427642C1A3F6728007AF15C /* Deliberty */ = {
			isa = PBXGroup;
			children = (
				942764531A3F6730007AF15C /* Delegate */,
				942764541A3F6738007AF15C /* Controllers */,
				942764371A3F6728007AF15C /* Main.storyboard */,
				9427643C1A3F6728007AF15C /* LaunchScreen.xib */,
				9427643A1A3F6728007AF15C /* Images.xcassets */,
				9427642D1A3F6728007AF15C /* Supporting Files */,
			);
			path = Deliberty;
			sourceTree = "<group>";
		};
		9427642D1A3F6728007AF15C /* Supporting Files */ = {
			isa = PBXGroup;
			children = (
				9427642E1A3F6728007AF15C /* Info.plist */,
				9427642F1A3F6728007AF15C /* main.m */,
			);
			name = "Supporting Files";
			sourceTree = "<group>";
		};
		942764461A3F6728007AF15C /* DelibertyTests */ = {
			isa = PBXGroup;
			children = (
				942764491A3F6728007AF15C /* DelibertyTests.m */,
				942764471A3F6728007AF15C /* Supporting Files */,
			);
			path = DelibertyTests;
			sourceTree = "<group>";
		};
		942764471A3F6728007AF15C /* Supporting Files */ = {
			isa = PBXGroup;
			children = (
				942764481A3F6728007AF15C /* Info.plist */,
			);
			name = "Supporting Files";
			sourceTree = "<group>";
		};
		942764531A3F6730007AF15C /* Delegate */ = {
			isa = PBXGroup;
			children = (
				942764311A3F6728007AF15C /* AppDelegate.h */,
				942764321A3F6728007AF15C /* AppDelegate.m */,
			);
			name = Delegate;
			sourceTree = "<group>";
		};
		942764541A3F6738007AF15C /* Controllers */ = {
			isa = PBXGroup;
			children = (
				9427648A1A40BD1A007AF15C /* Items */,
				942764861A3F8FD9007AF15C /* Add */,
				942764821A3F723E007AF15C /* Login */,
				9427647E1A3F7229007AF15C /* Sign up */,
				942764771A3F6BF5007AF15C /* Launch */,
				942764761A3F6BF1007AF15C /* Queue */,
			);
			name = Controllers;
			sourceTree = "<group>";
		};
		9427645F1A3F6830007AF15C /* Frameworks */ = {
			isa = PBXGroup;
			children = (
				942764721A3F6885007AF15C /* libsqlite3.dylib */,
				942764701A3F687F007AF15C /* libz.dylib */,
				942764741A3F688F007AF15C /* SystemConfiguration.framework */,
				9427646E1A3F6879007AF15C /* StoreKit.framework */,
				9427646C1A3F6873007AF15C /* Security.framework */,
				9427646A1A3F686C007AF15C /* QuartzCore.framework */,
				942764681A3F685C007AF15C /* MobileCoreServices.framework */,
				942764661A3F6857007AF15C /* CoreLocation.framework */,
				942764641A3F6850007AF15C /* CoreGraphics.framework */,
				942764621A3F684B007AF15C /* CFNetwork.framework */,
				942764601A3F6847007AF15C /* AudioToolbox.framework */,
				942764551A3F6828007AF15C /* Bolts.framework */,
				942764561A3F6828007AF15C /* Parse.framework */,
				942764571A3F6828007AF15C /* ParseCrashReporting.framework */,
				942764581A3F6828007AF15C /* ParseFacebookUtils.framework */,
				942764591A3F6828007AF15C /* ParseUI.framework */,
			);
			name = Frameworks;
			sourceTree = "<group>";
		};
		942764761A3F6BF1007AF15C /* Queue */ = {
			isa = PBXGroup;
			children = (
				9427647B1A3F6C28007AF15C /* QueueController.h */,
				9427647C1A3F6C28007AF15C /* QueueController.m */,
			);
			name = Queue;
			sourceTree = "<group>";
		};
		942764771A3F6BF5007AF15C /* Launch */ = {
			isa = PBXGroup;
			children = (
				942764781A3F6C12007AF15C /* LaunchController.h */,
				942764791A3F6C12007AF15C /* LaunchController.m */,
			);
			name = Launch;
			sourceTree = "<group>";
		};
		9427647E1A3F7229007AF15C /* Sign up */ = {
			isa = PBXGroup;
			children = (
				9427647F1A3F723A007AF15C /* SignUpController.h */,
				942764801A3F723A007AF15C /* SignUpController.m */,
			);
			name = "Sign up";
			sourceTree = "<group>";
		};
		942764821A3F723E007AF15C /* Login */ = {
			isa = PBXGroup;
			children = (
				942764831A3F7248007AF15C /* LoginController.h */,
				942764841A3F7248007AF15C /* LoginController.m */,
			);
			name = Login;
			sourceTree = "<group>";
		};
		942764861A3F8FD9007AF15C /* Add */ = {
			isa = PBXGroup;
			children = (
				942764871A3F8FE3007AF15C /* AddController.h */,
				942764881A3F8FE3007AF15C /* AddController.m */,
			);
			name = Add;
			sourceTree = "<group>";
		};
		9427648A1A40BD1A007AF15C /* Items */ = {
			isa = PBXGroup;
			children = (
				9427648B1A40BD6F007AF15C /* ItemsController.h */,
				9427648C1A40BD6F007AF15C /* ItemsController.m */,
			);
			name = Items;
			sourceTree = "<group>";
		};
/* End PBXGroup section */

/* Begin PBXNativeTarget section */
		942764291A3F6728007AF15C /* Deliberty */ = {
			isa = PBXNativeTarget;
			buildConfigurationList = 9427644D1A3F6728007AF15C /* Build configuration list for PBXNativeTarget "Deliberty" */;
			buildPhases = (
				942764261A3F6728007AF15C /* Sources */,
				942764271A3F6728007AF15C /* Frameworks */,
				942764281A3F6728007AF15C /* Resources */,
			);
			buildRules = (
			);
			dependencies = (
			);
			name = Deliberty;
			productName = Deliberty;
			productReference = 9427642A1A3F6728007AF15C /* Deliberty.app */;
			productType = "com.apple.product-type.application";
		};
		942764421A3F6728007AF15C /* DelibertyTests */ = {
			isa = PBXNativeTarget;
			buildConfigurationList = 942764501A3F6728007AF15C /* Build configuration list for PBXNativeTarget "DelibertyTests" */;
			buildPhases = (
				9427643F1A3F6728007AF15C /* Sources */,
				942764401A3F6728007AF15C /* Frameworks */,
				942764411A3F6728007AF15C /* Resources */,
			);
			buildRules = (
			);
			dependencies = (
				942764451A3F6728007AF15C /* PBXTargetDependency */,
			);
			name = DelibertyTests;
			productName = DelibertyTests;
			productReference = 942764431A3F6728007AF15C /* DelibertyTests.xctest */;
			productType = "com.apple.product-type.bundle.unit-test";
		};
/* End PBXNativeTarget section */

/* Begin PBXProject section */
		942764221A3F6728007AF15C /* Project object */ = {
			isa = PBXProject;
			attributes = {
				LastUpgradeCheck = 0610;
				ORGANIZATIONNAME = "Ryan Cohen";
				TargetAttributes = {
					942764291A3F6728007AF15C = {
						CreatedOnToolsVersion = 6.1.1;
					};
					942764421A3F6728007AF15C = {
						CreatedOnToolsVersion = 6.1.1;
						TestTargetID = 942764291A3F6728007AF15C;
					};
				};
			};
			buildConfigurationList = 942764251A3F6728007AF15C /* Build configuration list for PBXProject "Deliberty" */;
			compatibilityVersion = "Xcode 3.2";
			developmentRegion = English;
			hasScannedForEncodings = 0;
			knownRegions = (
				en,
				Base,
			);
			mainGroup = 942764211A3F6728007AF15C;
			productRefGroup = 9427642B1A3F6728007AF15C /* Products */;
			projectDirPath = "";
			projectRoot = "";
			targets = (
				942764291A3F6728007AF15C /* Deliberty */,
				942764421A3F6728007AF15C /* DelibertyTests */,
			);
		};
/* End PBXProject section */

/* Begin PBXResourcesBuildPhase section */
		942764281A3F6728007AF15C /* Resources */ = {
			isa = PBXResourcesBuildPhase;
			buildActionMask = 2147483647;
			files = (
				942764391A3F6728007AF15C /* Main.storyboard in Resources */,
				9427643E1A3F6728007AF15C /* LaunchScreen.xib in Resources */,
				9427643B1A3F6728007AF15C /* Images.xcassets in Resources */,
			);
			runOnlyForDeploymentPostprocessing = 0;
		};
		942764411A3F6728007AF15C /* Resources */ = {
			isa = PBXResourcesBuildPhase;
			buildActionMask = 2147483647;
			files = (
			);
			runOnlyForDeploymentPostprocessing = 0;
		};
/* End PBXResourcesBuildPhase section */

/* Begin PBXSourcesBuildPhase section */
		942764261A3F6728007AF15C /* Sources */ = {
			isa = PBXSourcesBuildPhase;
			buildActionMask = 2147483647;
			files = (
				942764891A3F8FE3007AF15C /* AddController.m in Sources */,
				9427647A1A3F6C12007AF15C /* LaunchController.m in Sources */,
				9427648D1A40BD6F007AF15C /* ItemsController.m in Sources */,
				9427647D1A3F6C28007AF15C /* QueueController.m in Sources */,
				942764811A3F723A007AF15C /* SignUpController.m in Sources */,
				942764331A3F6728007AF15C /* AppDelegate.m in Sources */,
				942764301A3F6728007AF15C /* main.m in Sources */,
				942764851A3F7248007AF15C /* LoginController.m in Sources */,
			);
			runOnlyForDeploymentPostprocessing = 0;
		};
		9427643F1A3F6728007AF15C /* Sources */ = {
			isa = PBXSourcesBuildPhase;
			buildActionMask = 2147483647;
			files = (
				9427644A1A3F6728007AF15C /* DelibertyTests.m in Sources */,
			);
			runOnlyForDeploymentPostprocessing = 0;
		};
/* End PBXSourcesBuildPhase section */

/* Begin PBXTargetDependency section */
		942764451A3F6728007AF15C /* PBXTargetDependency */ = {
			isa = PBXTargetDependency;
			target = 942764291A3F6728007AF15C /* Deliberty */;
			targetProxy = 942764441A3F6728007AF15C /* PBXContainerItemProxy */;
		};
/* End PBXTargetDependency section */

/* Begin PBXVariantGroup section */
		942764371A3F6728007AF15C /* Main.storyboard */ = {
			isa = PBXVariantGroup;
			children = (
				942764381A3F6728007AF15C /* Base */,
			);
			name = Main.storyboard;
			sourceTree = "<group>";
		};
		9427643C1A3F6728007AF15C /* LaunchScreen.xib */ = {
			isa = PBXVariantGroup;
			children = (
				9427643D1A3F6728007AF15C /* Base */,
			);
			name = LaunchScreen.xib;
			sourceTree = "<group>";
		};
/* End PBXVariantGroup section */

/* Begin XCBuildConfiguration section */
		9427644B1A3F6728007AF15C /* Debug */ = {
			isa = XCBuildConfiguration;
			buildSettings = {
				ALWAYS_SEARCH_USER_PATHS = NO;
				CLANG_CXX_LANGUAGE_STANDARD = "gnu++0x";
				CLANG_CXX_LIBRARY = "libc++";
				CLANG_ENABLE_MODULES = YES;
				CLANG_ENABLE_OBJC_ARC = YES;
				CLANG_WARN_BOOL_CONVERSION = YES;
				CLANG_WARN_CONSTANT_CONVERSION = YES;
				CLANG_WARN_DIRECT_OBJC_ISA_USAGE = YES_ERROR;
				CLANG_WARN_EMPTY_BODY = YES;
				CLANG_WARN_ENUM_CONVERSION = YES;
				CLANG_WARN_INT_CONVERSION = YES;
				CLANG_WARN_OBJC_ROOT_CLASS = YES_ERROR;
				CLANG_WARN_UNREACHABLE_CODE = YES;
				CLANG_WARN__DUPLICATE_METHOD_MATCH = YES;
				"CODE_SIGN_IDENTITY[sdk=iphoneos*]" = "iPhone Developer";
				COPY_PHASE_STRIP = NO;
				ENABLE_STRICT_OBJC_MSGSEND = YES;
				GCC_C_LANGUAGE_STANDARD = gnu99;
				GCC_DYNAMIC_NO_PIC = NO;
				GCC_OPTIMIZATION_LEVEL = 0;
				GCC_PREPROCESSOR_DEFINITIONS = (
					"DEBUG=1",
					"$(inherited)",
				);
				GCC_SYMBOLS_PRIVATE_EXTERN = NO;
				GCC_WARN_64_TO_32_BIT_CONVERSION = YES;
				GCC_WARN_ABOUT_RETURN_TYPE = YES_ERROR;
				GCC_WARN_UNDECLARED_SELECTOR = YES;
				GCC_WARN_UNINITIALIZED_AUTOS = YES_AGGRESSIVE;
				GCC_WARN_UNUSED_FUNCTION = YES;
				GCC_WARN_UNUSED_VARIABLE = YES;
				IPHONEOS_DEPLOYMENT_TARGET = 8.1;
				MTL_ENABLE_DEBUG_INFO = YES;
				ONLY_ACTIVE_ARCH = YES;
				SDKROOT = iphoneos;
			};
			name = Debug;
		};
		9427644C1A3F6728007AF15C /* Release */ = {
			isa = XCBuildConfiguration;
			buildSettings = {
				ALWAYS_SEARCH_USER_PATHS = NO;
				CLANG_CXX_LANGUAGE_STANDARD = "gnu++0x";
				CLANG_CXX_LIBRARY = "libc++";
				CLANG_ENABLE_MODULES = YES;
				CLANG_ENABLE_OBJC_ARC = YES;
				CLANG_WARN_BOOL_CONVERSION = YES;
				CLANG_WARN_CONSTANT_CONVERSION = YES;
				CLANG_WARN_DIRECT_OBJC_ISA_USAGE = YES_ERROR;
				CLANG_WARN_EMPTY_BODY = YES;
				CLANG_WARN_ENUM_CONVERSION = YES;
				CLANG_WARN_INT_CONVERSION = YES;
				CLANG_WARN_OBJC_ROOT_CLASS = YES_ERROR;
				CLANG_WARN_UNREACHABLE_CODE = YES;
				CLANG_WARN__DUPLICATE_METHOD_MATCH = YES;
				"CODE_SIGN_IDENTITY[sdk=iphoneos*]" = "iPhone Developer";
				COPY_PHASE_STRIP = YES;
				ENABLE_NS_ASSERTIONS = NO;
				ENABLE_STRICT_OBJC_MSGSEND = YES;
				GCC_C_LANGUAGE_STANDARD = gnu99;
				GCC_WARN_64_TO_32_BIT_CONVERSION = YES;
				GCC_WARN_ABOUT_RETURN_TYPE = YES_ERROR;
				GCC_WARN_UNDECLARED_SELECTOR = YES;
				GCC_WARN_UNINITIALIZED_AUTOS = YES_AGGRESSIVE;
				GCC_WARN_UNUSED_FUNCTION = YES;
				GCC_WARN_UNUSED_VARIABLE = YES;
				IPHONEOS_DEPLOYMENT_TARGET = 8.1;
				MTL_ENABLE_DEBUG_INFO = NO;
				SDKROOT = iphoneos;
				VALIDATE_PRODUCT = YES;
			};
			name = Release;
		};
		9427644E1A3F6728007AF15C /* Debug */ = {
			isa = XCBuildConfiguration;
			buildSettings = {
				ASSETCATALOG_COMPILER_APPICON_NAME = AppIcon;
				FRAMEWORK_SEARCH_PATHS = (
					"$(inherited)",
					"/Users/ryan/Downloads/parse-library-1.6.0",
				);
				INFOPLIST_FILE = Deliberty/Info.plist;
				LD_RUNPATH_SEARCH_PATHS = "$(inherited) @executable_path/Frameworks";
				PRODUCT_NAME = "$(TARGET_NAME)";
			};
			name = Debug;
		};
		9427644F1A3F6728007AF15C /* Release */ = {
			isa = XCBuildConfiguration;
			buildSettings = {
				ASSETCATALOG_COMPILER_APPICON_NAME = AppIcon;
				FRAMEWORK_SEARCH_PATHS = (
					"$(inherited)",
					"/Users/ryan/Downloads/parse-library-1.6.0",
				);
				INFOPLIST_FILE = Deliberty/Info.plist;
				LD_RUNPATH_SEARCH_PATHS = "$(inherited) @executable_path/Frameworks";
				PRODUCT_NAME = "$(TARGET_NAME)";
			};
			name = Release;
		};
		942764511A3F6728007AF15C /* Debug */ = {
			isa = XCBuildConfiguration;
			buildSettings = {
				BUNDLE_LOADER = "$(TEST_HOST)";
				FRAMEWORK_SEARCH_PATHS = (
					"$(SDKROOT)/Developer/Library/Frameworks",
					"$(inherited)",
				);
				GCC_PREPROCESSOR_DEFINITIONS = (
					"DEBUG=1",
					"$(inherited)",
				);
				INFOPLIST_FILE = DelibertyTests/Info.plist;
				LD_RUNPATH_SEARCH_PATHS = "$(inherited) @executable_path/Frameworks @loader_path/Frameworks";
				PRODUCT_NAME = "$(TARGET_NAME)";
				TEST_HOST = "$(BUILT_PRODUCTS_DIR)/Deliberty.app/Deliberty";
			};
			name = Debug;
		};
		942764521A3F6728007AF15C /* Release */ = {
			isa = XCBuildConfiguration;
			buildSettings = {
				BUNDLE_LOADER = "$(TEST_HOST)";
				FRAMEWORK_SEARCH_PATHS = (
					"$(SDKROOT)/Developer/Library/Frameworks",
					"$(inherited)",
				);
				INFOPLIST_FILE = DelibertyTests/Info.plist;
				LD_RUNPATH_SEARCH_PATHS = "$(inherited) @executable_path/Frameworks @loader_path/Frameworks";
				PRODUCT_NAME = "$(TARGET_NAME)";
				TEST_HOST = "$(BUILT_PRODUCTS_DIR)/Deliberty.app/Deliberty";
			};
			name = Release;
		};
/* End XCBuildConfiguration section */

/* Begin XCConfigurationList section */
		942764251A3F6728007AF15C /* Build configuration list for PBXProject "Deliberty" */ = {
			isa = XCConfigurationList;
			buildConfigurations = (
				9427644B1A3F6728007AF15C /* Debug */,
				9427644C1A3F6728007AF15C /* Release */,
			);
			defaultConfigurationIsVisible = 0;
			defaultConfigurationName = Release;
		};
		9427644D1A3F6728007AF15C /* Build configuration list for PBXNativeTarget "Deliberty" */ = {
			isa = XCConfigurationList;
			buildConfigurations = (
				9427644E1A3F6728007AF15C /* Debug */,
				9427644F1A3F6728007AF15C /* Release */,
			);
			defaultConfigurationIsVisible = 0;
		};
		942764501A3F6728007AF15C /* Build configuration list for PBXNativeTarget "DelibertyTests" */ = {
			isa = XCConfigurationList;
			buildConfigurations = (
				942764511A3F6728007AF15C /* Debug */,
				942764521A3F6728007AF15C /* Release */,
			);
			defaultConfigurationIsVisible = 0;
		};
/* End XCConfigurationList section */
	};
	rootObject = 942764221A3F6728007AF15C /* Project object */;
}
